{
  "name": "ingfw",
  "version": "0.1.0",
  "lockfileVersion": 3,
  "requires": true,
  "packages": {
    "": {
      "name": "ingfw",
      "version": "0.1.0",
      "license": "MIT",
      "bin": {
        "ingfw": "bin/ingfw.cjs"
      },
      "engines": {
        "node": ">=16"
      }
    }
  }
}
